<?xml version="1.0" encoding="utf-8"?>
<Project ToolsVersion="17.0" xmlns="http://schemas.microsoft.com/developer/msbuild/2003">
  <ItemGroup>
    <CustomBuild Include="C:\Users\Bibek Joshi\Desktop\ImageRecognition\CMakeFiles\369b5174066622a879cd4437bb17d8f9\INSTALL_force.rule">
      <Filter>CMake Rules</Filter>
    </CustomBuild>
  </ItemGroup>
  <ItemGroup>
    <Filter Include="CMake Rules">
      <UniqueIdentifier>{F425B14B-519B-3744-9204-A0AF99837D4C}</UniqueIdentifier>
    </Filter>
  </ItemGroup>
</Project>
