
Microsoft Visual Studio Solution File, Format Version 12.00
# Visual Studio Version 17
Project("{2150E333-8FDC-42A3-9474-1A3956D46DE8}") = "CMakePredefinedTargets", "CMakePredefinedTargets", "{CE429D5C-317D-383A-A50F-992E16DFBDC5}"
EndProject
Project("{2150E333-8FDC-42A3-9474-1A3956D46DE8}") = "GLFW3", "GLFW3", "{838B8D45-1EC0-3281-AE22-0BDD4500B89B}"
EndProject
Project("{8BC9CEB8-8B4A-11D0-8D11-00A0C91BC942}") = "ALL_BUILD", "ALL_BUILD.vcxproj", "{C3E93374-1E33-34F6-BCCD-A5B76719CE46}"
	ProjectSection(ProjectDependencies) = postProject
		{E2E5CBDC-A546-3D97-9EF5-87D2803BEEB7} = {E2E5CBDC-A546-3D97-9EF5-87D2803BEEB7}
		{90052386-4C9C-3531-97B8-838FC9159741} = {90052386-4C9C-3531-97B8-838FC9159741}
	EndProjectSection
EndProject
Project("{8BC9CEB8-8B4A-11D0-8D11-00A0C91BC942}") = "INSTALL", "INSTALL.vcxproj", "{87AC017F-BB92-3377-BAB3-5EC628B101FD}"
	ProjectSection(ProjectDependencies) = postProject
		{C3E93374-1E33-34F6-BCCD-A5B76719CE46} = {C3E93374-1E33-34F6-BCCD-A5B76719CE46}
		{E2E5CBDC-A546-3D97-9EF5-87D2803BEEB7} = {E2E5CBDC-A546-3D97-9EF5-87D2803BEEB7}
	EndProjectSection
EndProject
Project("{8BC9CEB8-8B4A-11D0-8D11-00A0C91BC942}") = "ZERO_CHECK", "..\\ZERO_CHECK.vcxproj", "{E2E5CBDC-A546-3D97-9EF5-87D2803BEEB7}"
	ProjectSection(ProjectDependencies) = postProject
	EndProjectSection
EndProject
Project("{8BC9CEB8-8B4A-11D0-8D11-00A0C91BC942}") = "glfw", "src\glfw.vcxproj", "{90052386-4C9C-3531-97B8-838FC9159741}"
	ProjectSection(ProjectDependencies) = postProject
		{E2E5CBDC-A546-3D97-9EF5-87D2803BEEB7} = {E2E5CBDC-A546-3D97-9EF5-87D2803BEEB7}
	EndProjectSection
EndProject
Project("{8BC9CEB8-8B4A-11D0-8D11-00A0C91BC942}") = "uninstall", "uninstall.vcxproj", "{0329E7B1-681E-33EE-8EC9-FAF38AA8EA9E}"
	ProjectSection(ProjectDependencies) = postProject
		{E2E5CBDC-A546-3D97-9EF5-87D2803BEEB7} = {E2E5CBDC-A546-3D97-9EF5-87D2803BEEB7}
	EndProjectSection
EndProject
Project("{8BC9CEB8-8B4A-11D0-8D11-00A0C91BC942}") = "update_mappings", "src\update_mappings.vcxproj", "{8CF111F0-640C-37C9-936E-17A91D58A45E}"
	ProjectSection(ProjectDependencies) = postProject
		{E2E5CBDC-A546-3D97-9EF5-87D2803BEEB7} = {E2E5CBDC-A546-3D97-9EF5-87D2803BEEB7}
	EndProjectSection
EndProject
Global
	GlobalSection(SolutionConfigurationPlatforms) = preSolution
		Debug|x64 = Debug|x64
		Release|x64 = Release|x64
		MinSizeRel|x64 = MinSizeRel|x64
		RelWithDebInfo|x64 = RelWithDebInfo|x64
	EndGlobalSection
	GlobalSection(ProjectConfigurationPlatforms) = postSolution
		{C3E93374-1E33-34F6-BCCD-A5B76719CE46}.Debug|x64.ActiveCfg = Debug|x64
		{C3E93374-1E33-34F6-BCCD-A5B76719CE46}.Debug|x64.Build.0 = Debug|x64
		{C3E93374-1E33-34F6-BCCD-A5B76719CE46}.Release|x64.ActiveCfg = Release|x64
		{C3E93374-1E33-34F6-BCCD-A5B76719CE46}.Release|x64.Build.0 = Release|x64
		{C3E93374-1E33-34F6-BCCD-A5B76719CE46}.MinSizeRel|x64.ActiveCfg = MinSizeRel|x64
		{C3E93374-1E33-34F6-BCCD-A5B76719CE46}.MinSizeRel|x64.Build.0 = MinSizeRel|x64
		{C3E93374-1E33-34F6-BCCD-A5B76719CE46}.RelWithDebInfo|x64.ActiveCfg = RelWithDebInfo|x64
		{C3E93374-1E33-34F6-BCCD-A5B76719CE46}.RelWithDebInfo|x64.Build.0 = RelWithDebInfo|x64
		{87AC017F-BB92-3377-BAB3-5EC628B101FD}.Debug|x64.ActiveCfg = Debug|x64
		{87AC017F-BB92-3377-BAB3-5EC628B101FD}.Release|x64.ActiveCfg = Release|x64
		{87AC017F-BB92-3377-BAB3-5EC628B101FD}.MinSizeRel|x64.ActiveCfg = MinSizeRel|x64
		{87AC017F-BB92-3377-BAB3-5EC628B101FD}.RelWithDebInfo|x64.ActiveCfg = RelWithDebInfo|x64
		{E2E5CBDC-A546-3D97-9EF5-87D2803BEEB7}.Debug|x64.ActiveCfg = Debug|x64
		{E2E5CBDC-A546-3D97-9EF5-87D2803BEEB7}.Debug|x64.Build.0 = Debug|x64
		{E2E5CBDC-A546-3D97-9EF5-87D2803BEEB7}.Release|x64.ActiveCfg = Release|x64
		{E2E5CBDC-A546-3D97-9EF5-87D2803BEEB7}.Release|x64.Build.0 = Release|x64
		{E2E5CBDC-A546-3D97-9EF5-87D2803BEEB7}.MinSizeRel|x64.ActiveCfg = MinSizeRel|x64
		{E2E5CBDC-A546-3D97-9EF5-87D2803BEEB7}.MinSizeRel|x64.Build.0 = MinSizeRel|x64
		{E2E5CBDC-A546-3D97-9EF5-87D2803BEEB7}.RelWithDebInfo|x64.ActiveCfg = RelWithDebInfo|x64
		{E2E5CBDC-A546-3D97-9EF5-87D2803BEEB7}.RelWithDebInfo|x64.Build.0 = RelWithDebInfo|x64
		{90052386-4C9C-3531-97B8-838FC9159741}.Debug|x64.ActiveCfg = Debug|x64
		{90052386-4C9C-3531-97B8-838FC9159741}.Debug|x64.Build.0 = Debug|x64
		{90052386-4C9C-3531-97B8-838FC9159741}.Release|x64.ActiveCfg = Release|x64
		{90052386-4C9C-3531-97B8-838FC9159741}.Release|x64.Build.0 = Release|x64
		{90052386-4C9C-3531-97B8-838FC9159741}.MinSizeRel|x64.ActiveCfg = MinSizeRel|x64
		{90052386-4C9C-3531-97B8-838FC9159741}.MinSizeRel|x64.Build.0 = MinSizeRel|x64
		{90052386-4C9C-3531-97B8-838FC9159741}.RelWithDebInfo|x64.ActiveCfg = RelWithDebInfo|x64
		{90052386-4C9C-3531-97B8-838FC9159741}.RelWithDebInfo|x64.Build.0 = RelWithDebInfo|x64
		{0329E7B1-681E-33EE-8EC9-FAF38AA8EA9E}.Debug|x64.ActiveCfg = Debug|x64
		{0329E7B1-681E-33EE-8EC9-FAF38AA8EA9E}.Release|x64.ActiveCfg = Release|x64
		{0329E7B1-681E-33EE-8EC9-FAF38AA8EA9E}.MinSizeRel|x64.ActiveCfg = MinSizeRel|x64
		{0329E7B1-681E-33EE-8EC9-FAF38AA8EA9E}.RelWithDebInfo|x64.ActiveCfg = RelWithDebInfo|x64
		{8CF111F0-640C-37C9-936E-17A91D58A45E}.Debug|x64.ActiveCfg = Debug|x64
		{8CF111F0-640C-37C9-936E-17A91D58A45E}.Release|x64.ActiveCfg = Release|x64
		{8CF111F0-640C-37C9-936E-17A91D58A45E}.MinSizeRel|x64.ActiveCfg = MinSizeRel|x64
		{8CF111F0-640C-37C9-936E-17A91D58A45E}.RelWithDebInfo|x64.ActiveCfg = RelWithDebInfo|x64
	EndGlobalSection
	GlobalSection(NestedProjects) = preSolution
		{C3E93374-1E33-34F6-BCCD-A5B76719CE46} = {CE429D5C-317D-383A-A50F-992E16DFBDC5}
		{87AC017F-BB92-3377-BAB3-5EC628B101FD} = {CE429D5C-317D-383A-A50F-992E16DFBDC5}
		{E2E5CBDC-A546-3D97-9EF5-87D2803BEEB7} = {CE429D5C-317D-383A-A50F-992E16DFBDC5}
		{90052386-4C9C-3531-97B8-838FC9159741} = {838B8D45-1EC0-3281-AE22-0BDD4500B89B}
		{0329E7B1-681E-33EE-8EC9-FAF38AA8EA9E} = {838B8D45-1EC0-3281-AE22-0BDD4500B89B}
		{8CF111F0-640C-37C9-936E-17A91D58A45E} = {838B8D45-1EC0-3281-AE22-0BDD4500B89B}
	EndGlobalSection
	GlobalSection(ExtensibilityGlobals) = postSolution
		SolutionGuid = {51C27436-C8F4-388D-A639-FA5E588A93D0}
	EndGlobalSection
	GlobalSection(ExtensibilityAddIns) = postSolution
	EndGlobalSection
EndGlobal
